{
  "nodes": {
    "home-manager": {
      "inputs": {
        "nixpkgs": [
          "nixpkgs"
        ],
        "utils": "utils"
      },
      "locked": {
        "lastModified": 1658151168,
        "narHash": "sha256-0uHoOHr20pJTOGzgS4kNgOP4wfrch0fc+9vZ/6LgD44=",
        "owner": "nix-community",
        "repo": "home-manager",
        "rev": "4a724cb84cc3aa464af1713d11bf0cfbbdb56c00",
        "type": "github"
      },
      "original": {
        "owner": "nix-community",
        "repo": "home-manager",
        "type": "github"
      }
    },
    "nixpkgs": {
      "locked": {
        "lastModified": 1658103945,
        "narHash": "sha256-1/kQlzKGt1563JZ+gIlNHU6rEbaDh2KopZLJ4CzraWI=",
        "owner": "nixos",
        "repo": "nixpkgs",
        "rev": "2e3f6efdeda4cfff0259912495761885d8bee74a",
        "type": "github"
      },
      "original": {
        "owner": "nixos",
        "ref": "nixos-unstable",
        "repo": "nixpkgs",
        "type": "github"
      }
    },
    "root": {
      "inputs": {
        "home-manager": "home-manager",
        "nixpkgs": "nixpkgs"
      }
    },
    "utils": {
      "locked": {
        "lastModified": 1653893745,
        "narHash": "sha256-0jntwV3Z8//YwuOjzhV2sgJJPt+HY6KhU7VZUL0fKZQ=",
        "owner": "numtide",
        "repo": "flake-utils",
        "rev": "1ed9fb1935d260de5fe1c2f7ee0ebaae17ed2fa1",
        "type": "github"
      },
      "original": {
        "owner": "numtide",
        "repo": "flake-utils",
        "type": "github"
      }
    }
  },
  "root": "root",
  "version": 7
}
